{
  "name": "Arnold",
  "lockfileVersion": 3,
  "requires": true,
  "packages": {
    "": {
      "dependencies": {
        "@garmin/fitsdk": "^21.195.0"
      }
    },
    "node_modules/@garmin/fitsdk": {
      "version": "21.195.0",
      "resolved": "https://registry.npmjs.org/@garmin/fitsdk/-/fitsdk-21.195.0.tgz",
      "integrity": "sha512-DPTJ4qT091zjcETmPqohil7gdu5FOjemqnaTT/nMdxc+bRylOcSLbiIhAhCr6UtZEnhp1f/BwKhQjQML5WDA9A==",
      "license": "SEE LICENSE IN LICENSE.txt"
    }
  }
}
